
Microsoft Visual Studio Solution File, Format Version 12.00
# Visual Studio Version 17
Project("{8BC9CEB8-8B4A-11D0-8D11-00A0C91BC942}") = "editor", "editor\editor.vcxproj", "{AC2EC5FA-98D0-EFD0-818B-03256DCC7621}"
EndProject
Project("{2150E333-8FDC-42A3-9474-1A3956D46DE8}") = "deps", "deps", "{D88DD55D-C445-17AB-2D4D-F0061924B29B}"
EndProject
Project("{8BC9CEB8-8B4A-11D0-8D11-00A0C91BC942}") = "glad", "3rdparty\glad\glad.vcxproj", "{DD62977C-C999-980D-7286-7E105E9C140F}"
EndProject
Project("{8BC9CEB8-8B4A-11D0-8D11-00A0C91BC942}") = "glfw", "3rdparty\glfw\glfw.vcxproj", "{9563977C-819A-980D-2A87-7E10169D140F}"
EndProject
Project("{8BC9CEB8-8B4A-11D0-8D11-00A0C91BC942}") = "imgui", "3rdparty\imgui\imgui.vcxproj", "{0098A80F-6CAC-D0C0-352E-7420A101CDF1}"
EndProject
Project("{8BC9CEB8-8B4A-11D0-8D11-00A0C91BC942}") = "runtime", "runtime\runtime.vcxproj", "{692D2264-D50C-A1FF-DE24-2CD64A830761}"
EndProject
Global
	GlobalSection(SolutionConfigurationPlatforms) = preSolution
		Debug|x64 = Debug|x64
		Release|x64 = Release|x64
	EndGlobalSection
	GlobalSection(ProjectConfigurationPlatforms) = postSolution
		{AC2EC5FA-98D0-EFD0-818B-03256DCC7621}.Debug|x64.ActiveCfg = Debug|x64
		{AC2EC5FA-98D0-EFD0-818B-03256DCC7621}.Debug|x64.Build.0 = Debug|x64
		{AC2EC5FA-98D0-EFD0-818B-03256DCC7621}.Release|x64.ActiveCfg = Release|x64
		{AC2EC5FA-98D0-EFD0-818B-03256DCC7621}.Release|x64.Build.0 = Release|x64
		{DD62977C-C999-980D-7286-7E105E9C140F}.Debug|x64.ActiveCfg = Debug|x64
		{DD62977C-C999-980D-7286-7E105E9C140F}.Debug|x64.Build.0 = Debug|x64
		{DD62977C-C999-980D-7286-7E105E9C140F}.Release|x64.ActiveCfg = Release|x64
		{DD62977C-C999-980D-7286-7E105E9C140F}.Release|x64.Build.0 = Release|x64
		{9563977C-819A-980D-2A87-7E10169D140F}.Debug|x64.ActiveCfg = Debug|x64
		{9563977C-819A-980D-2A87-7E10169D140F}.Debug|x64.Build.0 = Debug|x64
		{9563977C-819A-980D-2A87-7E10169D140F}.Release|x64.ActiveCfg = Release|x64
		{9563977C-819A-980D-2A87-7E10169D140F}.Release|x64.Build.0 = Release|x64
		{0098A80F-6CAC-D0C0-352E-7420A101CDF1}.Debug|x64.ActiveCfg = Debug|x64
		{0098A80F-6CAC-D0C0-352E-7420A101CDF1}.Debug|x64.Build.0 = Debug|x64
		{0098A80F-6CAC-D0C0-352E-7420A101CDF1}.Release|x64.ActiveCfg = Release|x64
		{0098A80F-6CAC-D0C0-352E-7420A101CDF1}.Release|x64.Build.0 = Release|x64
		{692D2264-D50C-A1FF-DE24-2CD64A830761}.Debug|x64.ActiveCfg = Debug|x64
		{692D2264-D50C-A1FF-DE24-2CD64A830761}.Debug|x64.Build.0 = Debug|x64
		{692D2264-D50C-A1FF-DE24-2CD64A830761}.Release|x64.ActiveCfg = Release|x64
		{692D2264-D50C-A1FF-DE24-2CD64A830761}.Release|x64.Build.0 = Release|x64
	EndGlobalSection
	GlobalSection(SolutionProperties) = preSolution
		HideSolutionNode = FALSE
	EndGlobalSection
	GlobalSection(NestedProjects) = preSolution
		{DD62977C-C999-980D-7286-7E105E9C140F} = {D88DD55D-C445-17AB-2D4D-F0061924B29B}
		{9563977C-819A-980D-2A87-7E10169D140F} = {D88DD55D-C445-17AB-2D4D-F0061924B29B}
		{0098A80F-6CAC-D0C0-352E-7420A101CDF1} = {D88DD55D-C445-17AB-2D4D-F0061924B29B}
	EndGlobalSection
EndGlobal
